
Microsoft Visual Studio Solution File, Format Version 12.00
# Visual Studio 15
VisualStudioVersion = 15.0.28307.852
MinimumVisualStudioVersion = 10.0.40219.1
Project("{FAE04EC0-301F-11D3-BF4B-00C04F79EFBC}") = "MedTronic", "MedTronic\MedTronic.csproj", "{553AC4D9-BCCC-4D9A-8B92-0A76AA87C677}"
EndProject
Global
	GlobalSection(SolutionConfigurationPlatforms) = preSolution
		Debug|Any CPU = Debug|Any CPU
		Release|Any CPU = Release|Any CPU
	EndGlobalSection
	GlobalSection(ProjectConfigurationPlatforms) = postSolution
		{553AC4D9-BCCC-4D9A-8B92-0A76AA87C677}.Debug|Any CPU.ActiveCfg = Debug|Any CPU
		{553AC4D9-BCCC-4D9A-8B92-0A76AA87C677}.Debug|Any CPU.Build.0 = Debug|Any CPU
		{553AC4D9-BCCC-4D9A-8B92-0A76AA87C677}.Release|Any CPU.ActiveCfg = Release|Any CPU
		{553AC4D9-BCCC-4D9A-8B92-0A76AA87C677}.Release|Any CPU.Build.0 = Release|Any CPU
	EndGlobalSection
	GlobalSection(SolutionProperties) = preSolution
		HideSolutionNode = FALSE
	EndGlobalSection
	GlobalSection(ExtensibilityGlobals) = postSolution
		SolutionGuid = {CDBA4636-2CFE-460E-AB40-14CA1CDDB455}
	EndGlobalSection
EndGlobal
